// !$*UTF8*$!
{
	archiveVersion = 1;
	classes = {
	};
	objectVersion = 56;
	objects = {

/* Begin PBXBuildFile section */
		047E0F1C2BC9AC7C0096E150 /* AppDelegate.swift in Sources */ = {isa = PBXBuildFile; fileRef = 047E0F1B2BC9AC7C0096E150 /* AppDelegate.swift */; };
		047E0F1E2BC9AC7C0096E150 /* SceneDelegate.swift in Sources */ = {isa = PBXBuildFile; fileRef = 047E0F1D2BC9AC7C0096E150 /* SceneDelegate.swift */; };
		047E0F202BC9AC7C0096E150 /* ViewController.swift in Sources */ = {isa = PBXBuildFile; fileRef = 047E0F1F2BC9AC7C0096E150 /* ViewController.swift */; };
		047E0F252BC9AC7E0096E150 /* Assets.xcassets in Resources */ = {isa = PBXBuildFile; fileRef = 047E0F242BC9AC7E0096E150 /* Assets.xcassets */; };
		047E0F282BC9AC7E0096E150 /* Base in Resources */ = {isa = PBXBuildFile; fileRef = 047E0F272BC9AC7E0096E150 /* Base */; };
		047E0F312BC9AE700096E150 /* SnapKit in Frameworks */ = {isa = PBXBuildFile; productRef = 047E0F302BC9AE700096E150 /* SnapKit */; };
		047E0F332BC9AE700096E150 /* SnapKit-Dynamic in Frameworks */ = {isa = PBXBuildFile; productRef = 047E0F322BC9AE700096E150 /* SnapKit-Dynamic */; };
		047E0F352BC9AEAE0096E150 /* TranslatorAPI.swift in Sources */ = {isa = PBXBuildFile; fileRef = 047E0F342BC9AEAE0096E150 /* TranslatorAPI.swift */; };
/* End PBXBuildFile section */

/* Begin PBXFileReference section */
		047E0F182BC9AC7C0096E150 /* TranslateApp.app */ = {isa = PBXFileReference; explicitFileType = wrapper.application; includeInIndex = 0; path = TranslateApp.app; sourceTree = BUILT_PRODUCTS_DIR; };
		047E0F1B2BC9AC7C0096E150 /* AppDelegate.swift */ = {isa = PBXFileReference; lastKnownFileType = sourcecode.swift; path = AppDelegate.swift; sourceTree = "<group>"; };
		047E0F1D2BC9AC7C0096E150 /* SceneDelegate.swift */ = {isa = PBXFileReference; lastKnownFileType = sourcecode.swift; path = SceneDelegate.swift; sourceTree = "<group>"; };
		047E0F1F2BC9AC7C0096E150 /* ViewController.swift */ = {isa = PBXFileReference; lastKnownFileType = sourcecode.swift; path = ViewController.swift; sourceTree = "<group>"; };
		047E0F242BC9AC7E0096E150 /* Assets.xcassets */ = {isa = PBXFileReference; lastKnownFileType = folder.assetcatalog; path = Assets.xcassets; sourceTree = "<group>"; };
		047E0F272BC9AC7E0096E150 /* Base */ = {isa = PBXFileReference; lastKnownFileType = file.storyboard; name = Base; path = Base.lproj/LaunchScreen.storyboard; sourceTree = "<group>"; };
		047E0F292BC9AC7E0096E150 /* Info.plist */ = {isa = PBXFileReference; lastKnownFileType = text.plist.xml; path = Info.plist; sourceTree = "<group>"; };
		047E0F342BC9AEAE0096E150 /* TranslatorAPI.swift */ = {isa = PBXFileReference; lastKnownFileType = sourcecode.swift; path = TranslatorAPI.swift; sourceTree = "<group>"; };
/* End PBXFileReference section */

/* Begin PBXFrameworksBuildPhase section */
		047E0F152BC9AC7C0096E150 /* Frameworks */ = {
			isa = PBXFrameworksBuildPhase;
			buildActionMask = 2147483647;
			files = (
				047E0F312BC9AE700096E150 /* SnapKit in Frameworks */,
				047E0F332BC9AE700096E150 /* SnapKit-Dynamic in Frameworks */,
			);
			runOnlyForDeploymentPostprocessing = 0;
		};
/* End PBXFrameworksBuildPhase section */

/* Begin PBXGroup section */
		047E0F0F2BC9AC7C0096E150 = {
			isa = PBXGroup;
			children = (
				047E0F1A2BC9AC7C0096E150 /* TranslateApp */,
				047E0F192BC9AC7C0096E150 /* Products */,
			);
			sourceTree = "<group>";
		};
		047E0F192BC9AC7C0096E150 /* Products */ = {
			isa = PBXGroup;
			children = (
				047E0F182BC9AC7C0096E150 /* TranslateApp.app */,
			);
			name = Products;
			sourceTree = "<group>";
		};
		047E0F1A2BC9AC7C0096E150 /* TranslateApp */ = {
			isa = PBXGroup;
			children = (
				047E0F1B2BC9AC7C0096E150 /* AppDelegate.swift */,
				047E0F1D2BC9AC7C0096E150 /* SceneDelegate.swift */,
				047E0F1F2BC9AC7C0096E150 /* ViewController.swift */,
				047E0F342BC9AEAE0096E150 /* TranslatorAPI.swift */,
				047E0F242BC9AC7E0096E150 /* Assets.xcassets */,
				047E0F262BC9AC7E0096E150 /* LaunchScreen.storyboard */,
				047E0F292BC9AC7E0096E150 /* Info.plist */,
			);
			path = TranslateApp;
			sourceTree = "<group>";
		};
/* End PBXGroup section */

/* Begin PBXNativeTarget section */
		047E0F172BC9AC7C0096E150 /* TranslateApp */ = {
			isa = PBXNativeTarget;
			buildConfigurationList = 047E0F2C2BC9AC7E0096E150 /* Build configuration list for PBXNativeTarget "TranslateApp" */;
			buildPhases = (
				047E0F142BC9AC7C0096E150 /* Sources */,
				047E0F152BC9AC7C0096E150 /* Frameworks */,
				047E0F162BC9AC7C0096E150 /* Resources */,
			);
			buildRules = (
			);
			dependencies = (
			);
			name = TranslateApp;
			packageProductDependencies = (
				047E0F302BC9AE700096E150 /* SnapKit */,
				047E0F322BC9AE700096E150 /* SnapKit-Dynamic */,
			);
			productName = TranslateApp;
			productReference = 047E0F182BC9AC7C0096E150 /* TranslateApp.app */;
			productType = "com.apple.product-type.application";
		};
/* End PBXNativeTarget section */

/* Begin PBXProject section */
		047E0F102BC9AC7C0096E150 /* Project object */ = {
			isa = PBXProject;
			attributes = {
				BuildIndependentTargetsInParallel = 1;
				LastSwiftUpdateCheck = 1530;
				LastUpgradeCheck = 1530;
				TargetAttributes = {
					047E0F172BC9AC7C0096E150 = {
						CreatedOnToolsVersion = 15.3;
					};
				};
			};
			buildConfigurationList = 047E0F132BC9AC7C0096E150 /* Build configuration list for PBXProject "TranslateApp" */;
			compatibilityVersion = "Xcode 14.0";
			developmentRegion = en;
			hasScannedForEncodings = 0;
			knownRegions = (
				en,
				Base,
			);
			mainGroup = 047E0F0F2BC9AC7C0096E150;
			packageReferences = (
				047E0F2F2BC9AE700096E150 /* XCRemoteSwiftPackageReference "SnapKit" */,
			);
			productRefGroup = 047E0F192BC9AC7C0096E150 /* Products */;
			projectDirPath = "";
			projectRoot = "";
			targets = (
				047E0F172BC9AC7C0096E150 /* TranslateApp */,
			);
		};
/* End PBXProject section */

/* Begin PBXResourcesBuildPhase section */
		047E0F162BC9AC7C0096E150 /* Resources */ = {
			isa = PBXResourcesBuildPhase;
			buildActionMask = 2147483647;
			files = (
				047E0F252BC9AC7E0096E150 /* Assets.xcassets in Resources */,
				047E0F282BC9AC7E0096E150 /* Base in Resources */,
			);
			runOnlyForDeploymentPostprocessing = 0;
		};
/* End PBXResourcesBuildPhase section */

/* Begin PBXSourcesBuildPhase section */
		047E0F142BC9AC7C0096E150 /* Sources */ = {
			isa = PBXSourcesBuildPhase;
			buildActionMask = 2147483647;
			files = (
				047E0F202BC9AC7C0096E150 /* ViewController.swift in Sources */,
				047E0F1C2BC9AC7C0096E150 /* AppDelegate.swift in Sources */,
				047E0F352BC9AEAE0096E150 /* TranslatorAPI.swift in Sources */,
				047E0F1E2BC9AC7C0096E150 /* SceneDelegate.swift in Sources */,
			);
			runOnlyForDeploymentPostprocessing = 0;
		};
/* End PBXSourcesBuildPhase section */

/* Begin PBXVariantGroup section */
		047E0F262BC9AC7E0096E150 /* LaunchScreen.storyboard */ = {
			isa = PBXVariantGroup;
			children = (
				047E0F272BC9AC7E0096E150 /* Base */,
			);
			name = LaunchScreen.storyboard;
			sourceTree = "<group>";
		};
/* End PBXVariantGroup section */

/* Begin XCBuildConfiguration section */
		047E0F2A2BC9AC7E0096E150 /* Debug */ = {
			isa = XCBuildConfiguration;
			buildSettings = {
				ALWAYS_SEARCH_USER_PATHS = NO;
				ASSETCATALOG_COMPILER_GENERATE_SWIFT_ASSET_SYMBOL_EXTENSIONS = YES;
				CLANG_ANALYZER_NONNULL = YES;
				CLANG_ANALYZER_NUMBER_OBJECT_CONVERSION = YES_AGGRESSIVE;
				CLANG_CXX_LANGUAGE_STANDARD = "gnu++20";
				CLANG_ENABLE_MODULES = YES;
				CLANG_ENABLE_OBJC_ARC = YES;
				CLANG_ENABLE_OBJC_WEAK = YES;
				CLANG_WARN_BLOCK_CAPTURE_AUTORELEASING = YES;
				CLANG_WARN_BOOL_CONVERSION = YES;
				CLANG_WARN_COMMA = YES;
				CLANG_WARN_CONSTANT_CONVERSION = YES;
				CLANG_WARN_DEPRECATED_OBJC_IMPLEMENTATIONS = YES;
				CLANG_WARN_DIRECT_OBJC_ISA_USAGE = YES_ERROR;
				CLANG_WARN_DOCUMENTATION_COMMENTS = YES;
				CLANG_WARN_EMPTY_BODY = YES;
				CLANG_WARN_ENUM_CONVERSION = YES;
				CLANG_WARN_INFINITE_RECURSION = YES;
				CLANG_WARN_INT_CONVERSION = YES;
				CLANG_WARN_NON_LITERAL_NULL_CONVERSION = YES;
				CLANG_WARN_OBJC_IMPLICIT_RETAIN_SELF = YES;
				CLANG_WARN_OBJC_LITERAL_CONVERSION = YES;
				CLANG_WARN_OBJC_ROOT_CLASS = YES_ERROR;
				CLANG_WARN_QUOTED_INCLUDE_IN_FRAMEWORK_HEADER = YES;
				CLANG_WARN_RANGE_LOOP_ANALYSIS = YES;
				CLANG_WARN_STRICT_PROTOTYPES = YES;
				CLANG_WARN_SUSPICIOUS_MOVE = YES;
				CLANG_WARN_UNGUARDED_AVAILABILITY = YES_AGGRESSIVE;
				CLANG_WARN_UNREACHABLE_CODE = YES;
				CLANG_WARN__DUPLICATE_METHOD_MATCH = YES;
				COPY_PHASE_STRIP = NO;
				DEBUG_INFORMATION_FORMAT = dwarf;
				ENABLE_STRICT_OBJC_MSGSEND = YES;
				ENABLE_TESTABILITY = YES;
				ENABLE_USER_SCRIPT_SANDBOXING = YES;
				GCC_C_LANGUAGE_STANDARD = gnu17;
				GCC_DYNAMIC_NO_PIC = NO;
				GCC_NO_COMMON_BLOCKS = YES;
				GCC_OPTIMIZATION_LEVEL = 0;
				GCC_PREPROCESSOR_DEFINITIONS = (
					"DEBUG=1",
					"$(inherited)",
				);
				GCC_WARN_64_TO_32_BIT_CONVERSION = YES;
				GCC_WARN_ABOUT_RETURN_TYPE = YES_ERROR;
				GCC_WARN_UNDECLARED_SELECTOR = YES;
				GCC_WARN_UNINITIALIZED_AUTOS = YES_AGGRESSIVE;
				GCC_WARN_UNUSED_FUNCTION = YES;
				GCC_WARN_UNUSED_VARIABLE = YES;
				IPHONEOS_DEPLOYMENT_TARGET = 17.4;
				LOCALIZATION_PREFERS_STRING_CATALOGS = YES;
				MTL_ENABLE_DEBUG_INFO = INCLUDE_SOURCE;
				MTL_FAST_MATH = YES;
				ONLY_ACTIVE_ARCH = YES;
				SDKROOT = iphoneos;
				SWIFT_ACTIVE_COMPILATION_CONDITIONS = "DEBUG $(inherited)";
				SWIFT_OPTIMIZATION_LEVEL = "-Onone";
			};
			name = Debug;
		};
		047E0F2B2BC9AC7E0096E150 /* Release */ = {
			isa = XCBuildConfiguration;
			buildSettings = {
				ALWAYS_SEARCH_USER_PATHS = NO;
				ASSETCATALOG_COMPILER_GENERATE_SWIFT_ASSET_SYMBOL_EXTENSIONS = YES;
				CLANG_ANALYZER_NONNULL = YES;
				CLANG_ANALYZER_NUMBER_OBJECT_CONVERSION = YES_AGGRESSIVE;
				CLANG_CXX_LANGUAGE_STANDARD = "gnu++20";
				CLANG_ENABLE_MODULES = YES;
				CLANG_ENABLE_OBJC_ARC = YES;
				CLANG_ENABLE_OBJC_WEAK = YES;
				CLANG_WARN_BLOCK_CAPTURE_AUTORELEASING = YES;
				CLANG_WARN_BOOL_CONVERSION = YES;
				CLANG_WARN_COMMA = YES;
				CLANG_WARN_CONSTANT_CONVERSION = YES;
				CLANG_WARN_DEPRECATED_OBJC_IMPLEMENTATIONS = YES;
				CLANG_WARN_DIRECT_OBJC_ISA_USAGE = YES_ERROR;
				CLANG_WARN_DOCUMENTATION_COMMENTS = YES;
				CLANG_WARN_EMPTY_BODY = YES;
				CLANG_WARN_ENUM_CONVERSION = YES;
				CLANG_WARN_INFINITE_RECURSION = YES;
				CLANG_WARN_INT_CONVERSION = YES;
				CLANG_WARN_NON_LITERAL_NULL_CONVERSION = YES;
				CLANG_WARN_OBJC_IMPLICIT_RETAIN_SELF = YES;
				CLANG_WARN_OBJC_LITERAL_CONVERSION = YES;
				CLANG_WARN_OBJC_ROOT_CLASS = YES_ERROR;
				CLANG_WARN_QUOTED_INCLUDE_IN_FRAMEWORK_HEADER = YES;
				CLANG_WARN_RANGE_LOOP_ANALYSIS = YES;
				CLANG_WARN_STRICT_PROTOTYPES = YES;
				CLANG_WARN_SUSPICIOUS_MOVE = YES;
				CLANG_WARN_UNGUARDED_AVAILABILITY = YES_AGGRESSIVE;
				CLANG_WARN_UNREACHABLE_CODE = YES;
				CLANG_WARN__DUPLICATE_METHOD_MATCH = YES;
				COPY_PHASE_STRIP = NO;
				DEBUG_INFORMATION_FORMAT = "dwarf-with-dsym";
				ENABLE_NS_ASSERTIONS = NO;
				ENABLE_STRICT_OBJC_MSGSEND = YES;
				ENABLE_USER_SCRIPT_SANDBOXING = YES;
				GCC_C_LANGUAGE_STANDARD = gnu17;
				GCC_NO_COMMON_BLOCKS = YES;
				GCC_WARN_64_TO_32_BIT_CONVERSION = YES;
				GCC_WARN_ABOUT_RETURN_TYPE = YES_ERROR;
				GCC_WARN_UNDECLARED_SELECTOR = YES;
				GCC_WARN_UNINITIALIZED_AUTOS = YES_AGGRESSIVE;
				GCC_WARN_UNUSED_FUNCTION = YES;
				GCC_WARN_UNUSED_VARIABLE = YES;
				IPHONEOS_DEPLOYMENT_TARGET = 17.4;
				LOCALIZATION_PREFERS_STRING_CATALOGS = YES;
				MTL_ENABLE_DEBUG_INFO = NO;
				MTL_FAST_MATH = YES;
				SDKROOT = iphoneos;
				SWIFT_COMPILATION_MODE = wholemodule;
				VALIDATE_PRODUCT = YES;
			};
			name = Release;
		};
		047E0F2D2BC9AC7E0096E150 /* Debug */ = {
			isa = XCBuildConfiguration;
			buildSettings = {
				ASSETCATALOG_COMPILER_APPICON_NAME = AppIcon;
				ASSETCATALOG_COMPILER_GLOBAL_ACCENT_COLOR_NAME = AccentColor;
				CODE_SIGN_STYLE = Automatic;
				CURRENT_PROJECT_VERSION = 1;
				DEVELOPMENT_TEAM = TBKRN76F6S;
				GENERATE_INFOPLIST_FILE = YES;
				INFOPLIST_FILE = TranslateApp/Info.plist;
				INFOPLIST_KEY_UIApplicationSupportsIndirectInputEvents = YES;
				INFOPLIST_KEY_UILaunchStoryboardName = LaunchScreen;
				INFOPLIST_KEY_UISupportedInterfaceOrientations_iPad = "UIInterfaceOrientationPortrait UIInterfaceOrientationPortraitUpsideDown UIInterfaceOrientationLandscapeLeft UIInterfaceOrientationLandscapeRight";
				INFOPLIST_KEY_UISupportedInterfaceOrientations_iPhone = "UIInterfaceOrientationPortrait UIInterfaceOrientationLandscapeLeft UIInterfaceOrientationLandscapeRight";
				LD_RUNPATH_SEARCH_PATHS = (
					"$(inherited)",
					"@executable_path/Frameworks",
				);
				MARKETING_VERSION = 1.0;
				PRODUCT_BUNDLE_IDENTIFIER = VitaliyMolokov.TranslateApp;
				PRODUCT_NAME = "$(TARGET_NAME)";
				SWIFT_EMIT_LOC_STRINGS = YES;
				SWIFT_VERSION = 5.0;
				TARGETED_DEVICE_FAMILY = "1,2";
			};
			name = Debug;
		};
		047E0F2E2BC9AC7E0096E150 /* Release */ = {
			isa = XCBuildConfiguration;
			buildSettings = {
				ASSETCATALOG_COMPILER_APPICON_NAME = AppIcon;
				ASSETCATALOG_COMPILER_GLOBAL_ACCENT_COLOR_NAME = AccentColor;
				CODE_SIGN_STYLE = Automatic;
				CURRENT_PROJECT_VERSION = 1;
				DEVELOPMENT_TEAM = TBKRN76F6S;
				GENERATE_INFOPLIST_FILE = YES;
				INFOPLIST_FILE = TranslateApp/Info.plist;
				INFOPLIST_KEY_UIApplicationSupportsIndirectInputEvents = YES;
				INFOPLIST_KEY_UILaunchStoryboardName = LaunchScreen;
				INFOPLIST_KEY_UISupportedInterfaceOrientations_iPad = "UIInterfaceOrientationPortrait UIInterfaceOrientationPortraitUpsideDown UIInterfaceOrientationLandscapeLeft UIInterfaceOrientationLandscapeRight";
				INFOPLIST_KEY_UISupportedInterfaceOrientations_iPhone = "UIInterfaceOrientationPortrait UIInterfaceOrientationLandscapeLeft UIInterfaceOrientationLandscapeRight";
				LD_RUNPATH_SEARCH_PATHS = (
					"$(inherited)",
					"@executable_path/Frameworks",
				);
				MARKETING_VERSION = 1.0;
				PRODUCT_BUNDLE_IDENTIFIER = VitaliyMolokov.TranslateApp;
				PRODUCT_NAME = "$(TARGET_NAME)";
				SWIFT_EMIT_LOC_STRINGS = YES;
				SWIFT_VERSION = 5.0;
				TARGETED_DEVICE_FAMILY = "1,2";
			};
			name = Release;
		};
/* End XCBuildConfiguration section */

/* Begin XCConfigurationList section */
		047E0F132BC9AC7C0096E150 /* Build configuration list for PBXProject "TranslateApp" */ = {
			isa = XCConfigurationList;
			buildConfigurations = (
				047E0F2A2BC9AC7E0096E150 /* Debug */,
				047E0F2B2BC9AC7E0096E150 /* Release */,
			);
			defaultConfigurationIsVisible = 0;
			defaultConfigurationName = Release;
		};
		047E0F2C2BC9AC7E0096E150 /* Build configuration list for PBXNativeTarget "TranslateApp" */ = {
			isa = XCConfigurationList;
			buildConfigurations = (
				047E0F2D2BC9AC7E0096E150 /* Debug */,
				047E0F2E2BC9AC7E0096E150 /* Release */,
			);
			defaultConfigurationIsVisible = 0;
			defaultConfigurationName = Release;
		};
/* End XCConfigurationList section */

/* Begin XCRemoteSwiftPackageReference section */
		047E0F2F2BC9AE700096E150 /* XCRemoteSwiftPackageReference "SnapKit" */ = {
			isa = XCRemoteSwiftPackageReference;
			repositoryURL = "https://github.com/SnapKit/SnapKit";
			requirement = {
				kind = upToNextMajorVersion;
				minimumVersion = 5.7.1;
			};
		};
/* End XCRemoteSwiftPackageReference section */

/* Begin XCSwiftPackageProductDependency section */
		047E0F302BC9AE700096E150 /* SnapKit */ = {
			isa = XCSwiftPackageProductDependency;
			package = 047E0F2F2BC9AE700096E150 /* XCRemoteSwiftPackageReference "SnapKit" */;
			productName = SnapKit;
		};
		047E0F322BC9AE700096E150 /* SnapKit-Dynamic */ = {
			isa = XCSwiftPackageProductDependency;
			package = 047E0F2F2BC9AE700096E150 /* XCRemoteSwiftPackageReference "SnapKit" */;
			productName = "SnapKit-Dynamic";
		};
/* End XCSwiftPackageProductDependency section */
	};
	rootObject = 047E0F102BC9AC7C0096E150 /* Project object */;
}
